PODS:
  - BigInt (3.1.0):
    - SipHash (~> 1.2)
  - keccak.c (0.1.3)
  - PromiseKit (6.7.0):
    - PromiseKit/CorePromise (= 6.7.0)
    - PromiseKit/Foundation (= 6.7.0)
    - PromiseKit/UIKit (= 6.7.0)
  - PromiseKit/CorePromise (6.7.0)
  - PromiseKit/Foundation (6.7.0):
    - PromiseKit/CorePromise
  - PromiseKit/UIKit (6.7.0):
    - PromiseKit/CorePromise
  - scrypt.c (0.1.0)
  - secp256k1.c (0.1.2)
  - SipHash (1.2.2)
  - web3swift.pod (2.1.3):
    - BigInt (~> 3.1)
    - keccak.c (~> 0.1)
    - PromiseKit (~> 6.4)
    - scrypt.c (~> 0.1)
    - secp256k1.c (~> 0.1)

DEPENDENCIES:
  - web3swift.pod

SPEC REPOS:
  https://github.com/cocoapods/specs.git:
    - BigInt
    - keccak.c
    - PromiseKit
    - scrypt.c
    - secp256k1.c
    - SipHash
    - web3swift.pod

SPEC CHECKSUMS:
  BigInt: 76b5dfdfa3e2e478d4ffdf161aeede5502e2742f
  keccak.c: 859583afdaccb4e4fcc0f0096064d101580313f4
  PromiseKit: 453ddcc947fe7b302f3ef41882b81d31c554df7f
  scrypt.c: 5dc9b47121fa3c44148eae8c75ef0d1b9597e52b
  secp256k1.c: db47b726585d80f027423682eb369729e61b3b20
  SipHash: fad90a4683e420c52ef28063063dbbce248ea6d4
  web3swift.pod: e032ea5dd43810ab32c8f293ad5e3dd508c452dd

PODFILE CHECKSUM: 4bb0d13a6000e2fb5fc5dc3525519448980f3dfd

COCOAPODS: 1.6.0.beta.2
